
Microsoft Visual Studio Solution File, Format Version 12.00
# Visual Studio Version 17
VisualStudioVersion = 17.5.33424.131
MinimumVisualStudioVersion = 10.0.40219.1
Project("{FAE04EC0-301F-11D3-BF4B-00C04F79EFBC}") = "KamchatkaHack_MapWebApi", "KamchatkaHack_MapWebApi.csproj", "{C7BB5926-B99F-45E3-BDFE-3AA8E44A9A10}"
EndProject
Global
	GlobalSection(SolutionConfigurationPlatforms) = preSolution
		Debug|Any CPU = Debug|Any CPU
		Release|Any CPU = Release|Any CPU
	EndGlobalSection
	GlobalSection(ProjectConfigurationPlatforms) = postSolution
		{C7BB5926-B99F-45E3-BDFE-3AA8E44A9A10}.Debug|Any CPU.ActiveCfg = Debug|Any CPU
		{C7BB5926-B99F-45E3-BDFE-3AA8E44A9A10}.Debug|Any CPU.Build.0 = Debug|Any CPU
		{C7BB5926-B99F-45E3-BDFE-3AA8E44A9A10}.Release|Any CPU.ActiveCfg = Release|Any CPU
		{C7BB5926-B99F-45E3-BDFE-3AA8E44A9A10}.Release|Any CPU.Build.0 = Release|Any CPU
	EndGlobalSection
	GlobalSection(SolutionProperties) = preSolution
		HideSolutionNode = FALSE
	EndGlobalSection
	GlobalSection(ExtensibilityGlobals) = postSolution
		SolutionGuid = {923289D2-5C2B-409A-B792-AAD5DD49965B}
	EndGlobalSection
EndGlobal
